
Microsoft Visual Studio Solution File, Format Version 12.00
# Visual Studio Version 17
VisualStudioVersion = 17.0.31903.59
MinimumVisualStudioVersion = 10.0.40219.1
Project("{FAE04EC0-301F-11D3-BF4B-00C04F79EFBC}") = "PortalRemote.Server", "PortalRemote.Server\PortalRemote.Server.csproj", "{726414CD-019B-40E5-8207-5B97D664753A}"
EndProject
Global
	GlobalSection(SolutionConfigurationPlatforms) = preSolution
		Debug|Any CPU = Debug|Any CPU
		Release|Any CPU = Release|Any CPU
	EndGlobalSection
	GlobalSection(SolutionProperties) = preSolution
		HideSolutionNode = FALSE
	EndGlobalSection
	GlobalSection(ProjectConfigurationPlatforms) = postSolution
		{726414CD-019B-40E5-8207-5B97D664753A}.Debug|Any CPU.ActiveCfg = Debug|Any CPU
		{726414CD-019B-40E5-8207-5B97D664753A}.Debug|Any CPU.Build.0 = Debug|Any CPU
		{726414CD-019B-40E5-8207-5B97D664753A}.Release|Any CPU.ActiveCfg = Release|Any CPU
		{726414CD-019B-40E5-8207-5B97D664753A}.Release|Any CPU.Build.0 = Release|Any CPU
	EndGlobalSection
EndGlobal
